
Microsoft Visual Studio Solution File, Format Version 12.00
# Visual Studio 14
VisualStudioVersion = 14.0.23107.0
MinimumVisualStudioVersion = 10.0.40219.1
Project("{2150E333-8FDC-42A3-9474-1A3956D46DE8}") = "src", "src", "{6DF6182D-DB3A-4330-83C3-EDBC46DD8D8E}"
EndProject
Project("{2150E333-8FDC-42A3-9474-1A3956D46DE8}") = "Solution Items", "Solution Items", "{6A9AFADC-8E2B-49D5-8E56-4E590F2B6599}"
	ProjectSection(SolutionItems) = preProject
		global.json = global.json
	EndProjectSection
EndProject
Project("{8BB2217D-0F2D-49D1-97BC-3654ED321F3B}") = "Project.Name", "src\Project.Name\Project.Name.xproj", "{3520CFDD-0386-4D88-9443-2CC9F551C8E9}"
EndProject
Global
	GlobalSection(SolutionConfigurationPlatforms) = preSolution
		Debug|Any CPU = Debug|Any CPU
		Release|Any CPU = Release|Any CPU
	EndGlobalSection
	GlobalSection(ProjectConfigurationPlatforms) = postSolution
		{3520CFDD-0386-4D88-9443-2CC9F551C8E9}.Debug|Any CPU.ActiveCfg = Debug|Any CPU
		{3520CFDD-0386-4D88-9443-2CC9F551C8E9}.Debug|Any CPU.Build.0 = Debug|Any CPU
		{3520CFDD-0386-4D88-9443-2CC9F551C8E9}.Release|Any CPU.ActiveCfg = Release|Any CPU
		{3520CFDD-0386-4D88-9443-2CC9F551C8E9}.Release|Any CPU.Build.0 = Release|Any CPU
	EndGlobalSection
	GlobalSection(SolutionProperties) = preSolution
		HideSolutionNode = FALSE
	EndGlobalSection
	GlobalSection(NestedProjects) = preSolution
		{3520CFDD-0386-4D88-9443-2CC9F551C8E9} = {6DF6182D-DB3A-4330-83C3-EDBC46DD8D8E}
	EndGlobalSection
EndGlobal
